
Microsoft Visual Studio Solution File, Format Version 12.00
# Visual Studio Version 16
VisualStudioVersion = 16.0.32413.511
MinimumVisualStudioVersion = 10.0.40219.1
Project("{FAE04EC0-301F-11D3-BF4B-00C04F79EFBC}") = "virtualReality", "virtualReality.csproj", "{2EC47BC2-206F-4BCE-86A9-049B873EE06D}"
EndProject
Global
	GlobalSection(SolutionConfigurationPlatforms) = preSolution
		Debug|Any CPU = Debug|Any CPU
		Release|Any CPU = Release|Any CPU
	EndGlobalSection
	GlobalSection(ProjectConfigurationPlatforms) = postSolution
		{2EC47BC2-206F-4BCE-86A9-049B873EE06D}.Debug|Any CPU.ActiveCfg = Debug|Any CPU
		{2EC47BC2-206F-4BCE-86A9-049B873EE06D}.Debug|Any CPU.Build.0 = Debug|Any CPU
		{2EC47BC2-206F-4BCE-86A9-049B873EE06D}.Release|Any CPU.ActiveCfg = Release|Any CPU
		{2EC47BC2-206F-4BCE-86A9-049B873EE06D}.Release|Any CPU.Build.0 = Release|Any CPU
	EndGlobalSection
	GlobalSection(SolutionProperties) = preSolution
		HideSolutionNode = FALSE
	EndGlobalSection
	GlobalSection(ExtensibilityGlobals) = postSolution
		SolutionGuid = {B5FF9D7D-23FD-4EB0-AB46-F1002F2D71E0}
	EndGlobalSection
EndGlobal
